
Microsoft Visual Studio Solution File, Format Version 12.00
# Visual Studio 15
VisualStudioVersion = 15.0.28010.2048
MinimumVisualStudioVersion = 10.0.40219.1
Project("{FAE04EC0-301F-11D3-BF4B-00C04F79EFBC}") = "EmailTest", "EmailTest\EmailTest.csproj", "{86CE4B4B-201D-428A-920B-66091A04F38F}"
EndProject
Global
	GlobalSection(SolutionConfigurationPlatforms) = preSolution
		Debug|Any CPU = Debug|Any CPU
		Release|Any CPU = Release|Any CPU
	EndGlobalSection
	GlobalSection(ProjectConfigurationPlatforms) = postSolution
		{86CE4B4B-201D-428A-920B-66091A04F38F}.Debug|Any CPU.ActiveCfg = Debug|Any CPU
		{86CE4B4B-201D-428A-920B-66091A04F38F}.Debug|Any CPU.Build.0 = Debug|Any CPU
		{86CE4B4B-201D-428A-920B-66091A04F38F}.Release|Any CPU.ActiveCfg = Release|Any CPU
		{86CE4B4B-201D-428A-920B-66091A04F38F}.Release|Any CPU.Build.0 = Release|Any CPU
	EndGlobalSection
	GlobalSection(SolutionProperties) = preSolution
		HideSolutionNode = FALSE
	EndGlobalSection
	GlobalSection(ExtensibilityGlobals) = postSolution
		SolutionGuid = {BF8894BA-7FC4-4F7C-83CE-17D72847C838}
	EndGlobalSection
EndGlobal
